
Microsoft Visual Studio Solution File, Format Version 12.00
# Visual Studio Version 17
VisualStudioVersion = 17.10.34916.146
MinimumVisualStudioVersion = 10.0.40219.1
Project("{FAE04EC0-301F-11D3-BF4B-00C04F79EFBC}") = "SkateShop", "SkateShop\SkateShop.csproj", "{EB188C61-3AC4-4BDF-B574-0C891AF3DF7C}"
EndProject
Global
	GlobalSection(SolutionConfigurationPlatforms) = preSolution
		Debug|Any CPU = Debug|Any CPU
		Release|Any CPU = Release|Any CPU
	EndGlobalSection
	GlobalSection(ProjectConfigurationPlatforms) = postSolution
		{EB188C61-3AC4-4BDF-B574-0C891AF3DF7C}.Debug|Any CPU.ActiveCfg = Debug|Any CPU
		{EB188C61-3AC4-4BDF-B574-0C891AF3DF7C}.Debug|Any CPU.Build.0 = Debug|Any CPU
		{EB188C61-3AC4-4BDF-B574-0C891AF3DF7C}.Release|Any CPU.ActiveCfg = Release|Any CPU
		{EB188C61-3AC4-4BDF-B574-0C891AF3DF7C}.Release|Any CPU.Build.0 = Release|Any CPU
	EndGlobalSection
	GlobalSection(SolutionProperties) = preSolution
		HideSolutionNode = FALSE
	EndGlobalSection
	GlobalSection(ExtensibilityGlobals) = postSolution
		SolutionGuid = {11C73D47-7CE1-45FF-A075-EA4CF2B4AD95}
	EndGlobalSection
EndGlobal
